// !$*UTF8*$!
{
	archiveVersion = 1;
	classes = {
	};
	objectVersion = 50;
	objects = {

/* Begin PBXBuildFile section */
		52834B8D220D3C1C009063CF /* AppDelegate.swift in Sources */ = {isa = PBXBuildFile; fileRef = 52834B8C220D3C1C009063CF /* AppDelegate.swift */; };
		52834B8F220D3C1C009063CF /* ViewController.swift in Sources */ = {isa = PBXBuildFile; fileRef = 52834B8E220D3C1C009063CF /* ViewController.swift */; };
		52834B92220D3C1C009063CF /* Main.storyboard in Resources */ = {isa = PBXBuildFile; fileRef = 52834B90220D3C1C009063CF /* Main.storyboard */; };
		52834B94220D3C20009063CF /* Assets.xcassets in Resources */ = {isa = PBXBuildFile; fileRef = 52834B93220D3C20009063CF /* Assets.xcassets */; };
		52834B97220D3C20009063CF /* LaunchScreen.storyboard in Resources */ = {isa = PBXBuildFile; fileRef = 52834B95220D3C20009063CF /* LaunchScreen.storyboard */; };
		52834B9F220D3D18009063CF /* AdjustingView.swift in Sources */ = {isa = PBXBuildFile; fileRef = 52834B9E220D3D18009063CF /* AdjustingView.swift */; };
		52834BA1220D3D28009063CF /* AdjustingView.xib in Resources */ = {isa = PBXBuildFile; fileRef = 52834BA0220D3D28009063CF /* AdjustingView.xib */; };
/* End PBXBuildFile section */

/* Begin PBXFileReference section */
		52834B89220D3C1C009063CF /* LearnViews.app */ = {isa = PBXFileReference; explicitFileType = wrapper.application; includeInIndex = 0; path = LearnViews.app; sourceTree = BUILT_PRODUCTS_DIR; };
		52834B8C220D3C1C009063CF /* AppDelegate.swift */ = {isa = PBXFileReference; lastKnownFileType = sourcecode.swift; path = AppDelegate.swift; sourceTree = "<group>"; };
		52834B8E220D3C1C009063CF /* ViewController.swift */ = {isa = PBXFileReference; lastKnownFileType = sourcecode.swift; path = ViewController.swift; sourceTree = "<group>"; };
		52834B91220D3C1C009063CF /* Base */ = {isa = PBXFileReference; lastKnownFileType = file.storyboard; name = Base; path = Base.lproj/Main.storyboard; sourceTree = "<group>"; };
		52834B93220D3C20009063CF /* Assets.xcassets */ = {isa = PBXFileReference; lastKnownFileType = folder.assetcatalog; path = Assets.xcassets; sourceTree = "<group>"; };
		52834B96220D3C20009063CF /* Base */ = {isa = PBXFileReference; lastKnownFileType = file.storyboard; name = Base; path = Base.lproj/LaunchScreen.storyboard; sourceTree = "<group>"; };
		52834B98220D3C20009063CF /* Info.plist */ = {isa = PBXFileReference; lastKnownFileType = text.plist.xml; path = Info.plist; sourceTree = "<group>"; };
		52834B9E220D3D18009063CF /* AdjustingView.swift */ = {isa = PBXFileReference; lastKnownFileType = sourcecode.swift; path = AdjustingView.swift; sourceTree = "<group>"; };
		52834BA0220D3D28009063CF /* AdjustingView.xib */ = {isa = PBXFileReference; lastKnownFileType = file.xib; path = AdjustingView.xib; sourceTree = "<group>"; };
/* End PBXFileReference section */

/* Begin PBXFrameworksBuildPhase section */
		52834B86220D3C1B009063CF /* Frameworks */ = {
			isa = PBXFrameworksBuildPhase;
			buildActionMask = 2147483647;
			files = (
			);
			runOnlyForDeploymentPostprocessing = 0;
		};
/* End PBXFrameworksBuildPhase section */

/* Begin PBXGroup section */
		52834B80220D3C1B009063CF = {
			isa = PBXGroup;
			children = (
				52834B8B220D3C1C009063CF /* LearnViews */,
				52834B8A220D3C1C009063CF /* Products */,
			);
			sourceTree = "<group>";
		};
		52834B8A220D3C1C009063CF /* Products */ = {
			isa = PBXGroup;
			children = (
				52834B89220D3C1C009063CF /* LearnViews.app */,
			);
			name = Products;
			sourceTree = "<group>";
		};
		52834B8B220D3C1C009063CF /* LearnViews */ = {
			isa = PBXGroup;
			children = (
				52834B8C220D3C1C009063CF /* AppDelegate.swift */,
				52834B8E220D3C1C009063CF /* ViewController.swift */,
				52834B90220D3C1C009063CF /* Main.storyboard */,
				52834B93220D3C20009063CF /* Assets.xcassets */,
				52834B95220D3C20009063CF /* LaunchScreen.storyboard */,
				52834B98220D3C20009063CF /* Info.plist */,
				52834B9E220D3D18009063CF /* AdjustingView.swift */,
				52834BA0220D3D28009063CF /* AdjustingView.xib */,
			);
			path = LearnViews;
			sourceTree = "<group>";
		};
/* End PBXGroup section */

/* Begin PBXNativeTarget section */
		52834B88220D3C1B009063CF /* LearnViews */ = {
			isa = PBXNativeTarget;
			buildConfigurationList = 52834B9B220D3C20009063CF /* Build configuration list for PBXNativeTarget "LearnViews" */;
			buildPhases = (
				52834B85220D3C1B009063CF /* Sources */,
				52834B86220D3C1B009063CF /* Frameworks */,
				52834B87220D3C1B009063CF /* Resources */,
			);
			buildRules = (
			);
			dependencies = (
			);
			name = LearnViews;
			productName = LearnViews;
			productReference = 52834B89220D3C1C009063CF /* LearnViews.app */;
			productType = "com.apple.product-type.application";
		};
/* End PBXNativeTarget section */

/* Begin PBXProject section */
		52834B81220D3C1B009063CF /* Project object */ = {
			isa = PBXProject;
			attributes = {
				LastSwiftUpdateCheck = 1010;
				LastUpgradeCheck = 1010;
				ORGANIZATIONNAME = Satya;
				TargetAttributes = {
					52834B88220D3C1B009063CF = {
						CreatedOnToolsVersion = 10.1;
					};
				};
			};
			buildConfigurationList = 52834B84220D3C1B009063CF /* Build configuration list for PBXProject "LearnViews" */;
			compatibilityVersion = "Xcode 9.3";
			developmentRegion = en;
			hasScannedForEncodings = 0;
			knownRegions = (
				en,
				Base,
			);
			mainGroup = 52834B80220D3C1B009063CF;
			productRefGroup = 52834B8A220D3C1C009063CF /* Products */;
			projectDirPath = "";
			projectRoot = "";
			targets = (
				52834B88220D3C1B009063CF /* LearnViews */,
			);
		};
/* End PBXProject section */

/* Begin PBXResourcesBuildPhase section */
		52834B87220D3C1B009063CF /* Resources */ = {
			isa = PBXResourcesBuildPhase;
			buildActionMask = 2147483647;
			files = (
				52834B97220D3C20009063CF /* LaunchScreen.storyboard in Resources */,
				52834B94220D3C20009063CF /* Assets.xcassets in Resources */,
				52834BA1220D3D28009063CF /* AdjustingView.xib in Resources */,
				52834B92220D3C1C009063CF /* Main.storyboard in Resources */,
			);
			runOnlyForDeploymentPostprocessing = 0;
		};
/* End PBXResourcesBuildPhase section */

/* Begin PBXSourcesBuildPhase section */
		52834B85220D3C1B009063CF /* Sources */ = {
			isa = PBXSourcesBuildPhase;
			buildActionMask = 2147483647;
			files = (
				52834B8F220D3C1C009063CF /* ViewController.swift in Sources */,
				52834B8D220D3C1C009063CF /* AppDelegate.swift in Sources */,
				52834B9F220D3D18009063CF /* AdjustingView.swift in Sources */,
			);
			runOnlyForDeploymentPostprocessing = 0;
		};
/* End PBXSourcesBuildPhase section */

/* Begin PBXVariantGroup section */
		52834B90220D3C1C009063CF /* Main.storyboard */ = {
			isa = PBXVariantGroup;
			children = (
				52834B91220D3C1C009063CF /* Base */,
			);
			name = Main.storyboard;
			sourceTree = "<group>";
		};
		52834B95220D3C20009063CF /* LaunchScreen.storyboard */ = {
			isa = PBXVariantGroup;
			children = (
				52834B96220D3C20009063CF /* Base */,
			);
			name = LaunchScreen.storyboard;
			sourceTree = "<group>";
		};
/* End PBXVariantGroup section */

/* Begin XCBuildConfiguration section */
		52834B99220D3C20009063CF /* Debug */ = {
			isa = XCBuildConfiguration;
			buildSettings = {
				ALWAYS_SEARCH_USER_PATHS = NO;
				CLANG_ANALYZER_NONNULL = YES;
				CLANG_ANALYZER_NUMBER_OBJECT_CONVERSION = YES_AGGRESSIVE;
				CLANG_CXX_LANGUAGE_STANDARD = "gnu++14";
				CLANG_CXX_LIBRARY = "libc++";
				CLANG_ENABLE_MODULES = YES;
				CLANG_ENABLE_OBJC_ARC = YES;
				CLANG_ENABLE_OBJC_WEAK = YES;
				CLANG_WARN_BLOCK_CAPTURE_AUTORELEASING = YES;
				CLANG_WARN_BOOL_CONVERSION = YES;
				CLANG_WARN_COMMA = YES;
				CLANG_WARN_CONSTANT_CONVERSION = YES;
				CLANG_WARN_DEPRECATED_OBJC_IMPLEMENTATIONS = YES;
				CLANG_WARN_DIRECT_OBJC_ISA_USAGE = YES_ERROR;
				CLANG_WARN_DOCUMENTATION_COMMENTS = YES;
				CLANG_WARN_EMPTY_BODY = YES;
				CLANG_WARN_ENUM_CONVERSION = YES;
				CLANG_WARN_INFINITE_RECURSION = YES;
				CLANG_WARN_INT_CONVERSION = YES;
				CLANG_WARN_NON_LITERAL_NULL_CONVERSION = YES;
				CLANG_WARN_OBJC_IMPLICIT_RETAIN_SELF = YES;
				CLANG_WARN_OBJC_LITERAL_CONVERSION = YES;
				CLANG_WARN_OBJC_ROOT_CLASS = YES_ERROR;
				CLANG_WARN_RANGE_LOOP_ANALYSIS = YES;
				CLANG_WARN_STRICT_PROTOTYPES = YES;
				CLANG_WARN_SUSPICIOUS_MOVE = YES;
				CLANG_WARN_UNGUARDED_AVAILABILITY = YES_AGGRESSIVE;
				CLANG_WARN_UNREACHABLE_CODE = YES;
				CLANG_WARN__DUPLICATE_METHOD_MATCH = YES;
				CODE_SIGN_IDENTITY = "iPhone Developer";
				COPY_PHASE_STRIP = NO;
				DEBUG_INFORMATION_FORMAT = dwarf;
				ENABLE_STRICT_OBJC_MSGSEND = YES;
				ENABLE_TESTABILITY = YES;
				GCC_C_LANGUAGE_STANDARD = gnu11;
				GCC_DYNAMIC_NO_PIC = NO;
				GCC_NO_COMMON_BLOCKS = YES;
				GCC_OPTIMIZATION_LEVEL = 0;
				GCC_PREPROCESSOR_DEFINITIONS = (
					"DEBUG=1",
					"$(inherited)",
				);
				GCC_WARN_64_TO_32_BIT_CONVERSION = YES;
				GCC_WARN_ABOUT_RETURN_TYPE = YES_ERROR;
				GCC_WARN_UNDECLARED_SELECTOR = YES;
				GCC_WARN_UNINITIALIZED_AUTOS = YES_AGGRESSIVE;
				GCC_WARN_UNUSED_FUNCTION = YES;
				GCC_WARN_UNUSED_VARIABLE = YES;
				IPHONEOS_DEPLOYMENT_TARGET = 12.1;
				MTL_ENABLE_DEBUG_INFO = INCLUDE_SOURCE;
				MTL_FAST_MATH = YES;
				ONLY_ACTIVE_ARCH = YES;
				SDKROOT = iphoneos;
				SWIFT_ACTIVE_COMPILATION_CONDITIONS = DEBUG;
				SWIFT_OPTIMIZATION_LEVEL = "-Onone";
			};
			name = Debug;
		};
		52834B9A220D3C20009063CF /* Release */ = {
			isa = XCBuildConfiguration;
			buildSettings = {
				ALWAYS_SEARCH_USER_PATHS = NO;
				CLANG_ANALYZER_NONNULL = YES;
				CLANG_ANALYZER_NUMBER_OBJECT_CONVERSION = YES_AGGRESSIVE;
				CLANG_CXX_LANGUAGE_STANDARD = "gnu++14";
				CLANG_CXX_LIBRARY = "libc++";
				CLANG_ENABLE_MODULES = YES;
				CLANG_ENABLE_OBJC_ARC = YES;
				CLANG_ENABLE_OBJC_WEAK = YES;
				CLANG_WARN_BLOCK_CAPTURE_AUTORELEASING = YES;
				CLANG_WARN_BOOL_CONVERSION = YES;
				CLANG_WARN_COMMA = YES;
				CLANG_WARN_CONSTANT_CONVERSION = YES;
				CLANG_WARN_DEPRECATED_OBJC_IMPLEMENTATIONS = YES;
				CLANG_WARN_DIRECT_OBJC_ISA_USAGE = YES_ERROR;
				CLANG_WARN_DOCUMENTATION_COMMENTS = YES;
				CLANG_WARN_EMPTY_BODY = YES;
				CLANG_WARN_ENUM_CONVERSION = YES;
				CLANG_WARN_INFINITE_RECURSION = YES;
				CLANG_WARN_INT_CONVERSION = YES;
				CLANG_WARN_NON_LITERAL_NULL_CONVERSION = YES;
				CLANG_WARN_OBJC_IMPLICIT_RETAIN_SELF = YES;
				CLANG_WARN_OBJC_LITERAL_CONVERSION = YES;
				CLANG_WARN_OBJC_ROOT_CLASS = YES_ERROR;
				CLANG_WARN_RANGE_LOOP_ANALYSIS = YES;
				CLANG_WARN_STRICT_PROTOTYPES = YES;
				CLANG_WARN_SUSPICIOUS_MOVE = YES;
				CLANG_WARN_UNGUARDED_AVAILABILITY = YES_AGGRESSIVE;
				CLANG_WARN_UNREACHABLE_CODE = YES;
				CLANG_WARN__DUPLICATE_METHOD_MATCH = YES;
				CODE_SIGN_IDENTITY = "iPhone Developer";
				COPY_PHASE_STRIP = NO;
				DEBUG_INFORMATION_FORMAT = "dwarf-with-dsym";
				ENABLE_NS_ASSERTIONS = NO;
				ENABLE_STRICT_OBJC_MSGSEND = YES;
				GCC_C_LANGUAGE_STANDARD = gnu11;
				GCC_NO_COMMON_BLOCKS = YES;
				GCC_WARN_64_TO_32_BIT_CONVERSION = YES;
				GCC_WARN_ABOUT_RETURN_TYPE = YES_ERROR;
				GCC_WARN_UNDECLARED_SELECTOR = YES;
				GCC_WARN_UNINITIALIZED_AUTOS = YES_AGGRESSIVE;
				GCC_WARN_UNUSED_FUNCTION = YES;
				GCC_WARN_UNUSED_VARIABLE = YES;
				IPHONEOS_DEPLOYMENT_TARGET = 12.1;
				MTL_ENABLE_DEBUG_INFO = NO;
				MTL_FAST_MATH = YES;
				SDKROOT = iphoneos;
				SWIFT_COMPILATION_MODE = wholemodule;
				SWIFT_OPTIMIZATION_LEVEL = "-O";
				VALIDATE_PRODUCT = YES;
			};
			name = Release;
		};
		52834B9C220D3C20009063CF /* Debug */ = {
			isa = XCBuildConfiguration;
			buildSettings = {
				ASSETCATALOG_COMPILER_APPICON_NAME = AppIcon;
				CODE_SIGN_STYLE = Automatic;
				DEVELOPMENT_TEAM = RWA7463NDR;
				INFOPLIST_FILE = LearnViews/Info.plist;
				LD_RUNPATH_SEARCH_PATHS = (
					"$(inherited)",
					"@executable_path/Frameworks",
				);
				PRODUCT_BUNDLE_IDENTIFIER = com.iOSDev.LearnViews;
				PRODUCT_NAME = "$(TARGET_NAME)";
				SWIFT_VERSION = 4.2;
				TARGETED_DEVICE_FAMILY = "1,2";
			};
			name = Debug;
		};
		52834B9D220D3C20009063CF /* Release */ = {
			isa = XCBuildConfiguration;
			buildSettings = {
				ASSETCATALOG_COMPILER_APPICON_NAME = AppIcon;
				CODE_SIGN_STYLE = Automatic;
				DEVELOPMENT_TEAM = RWA7463NDR;
				INFOPLIST_FILE = LearnViews/Info.plist;
				LD_RUNPATH_SEARCH_PATHS = (
					"$(inherited)",
					"@executable_path/Frameworks",
				);
				PRODUCT_BUNDLE_IDENTIFIER = com.iOSDev.LearnViews;
				PRODUCT_NAME = "$(TARGET_NAME)";
				SWIFT_VERSION = 4.2;
				TARGETED_DEVICE_FAMILY = "1,2";
			};
			name = Release;
		};
/* End XCBuildConfiguration section */

/* Begin XCConfigurationList section */
		52834B84220D3C1B009063CF /* Build configuration list for PBXProject "LearnViews" */ = {
			isa = XCConfigurationList;
			buildConfigurations = (
				52834B99220D3C20009063CF /* Debug */,
				52834B9A220D3C20009063CF /* Release */,
			);
			defaultConfigurationIsVisible = 0;
			defaultConfigurationName = Release;
		};
		52834B9B220D3C20009063CF /* Build configuration list for PBXNativeTarget "LearnViews" */ = {
			isa = XCConfigurationList;
			buildConfigurations = (
				52834B9C220D3C20009063CF /* Debug */,
				52834B9D220D3C20009063CF /* Release */,
			);
			defaultConfigurationIsVisible = 0;
			defaultConfigurationName = Release;
		};
/* End XCConfigurationList section */
	};
	rootObject = 52834B81220D3C1B009063CF /* Project object */;
}
